
Microsoft Visual Studio Solution File, Format Version 12.00
# Visual Studio Version 17
VisualStudioVersion = 17.5.33424.131
MinimumVisualStudioVersion = 10.0.40219.1
Project("{9A19103F-16F7-4668-BE54-9A1E7A4F7556}") = "VisionDream", "src\VisionDream\VisionDream.csproj", "{E2C5BB9A-60A1-4A5E-9E46-939A1BD6FA51}"
EndProject
Project("{9A19103F-16F7-4668-BE54-9A1E7A4F7556}") = "VisionDream.Core", "src\VisionDream.Core\VisionDream.Core.csproj", "{9845F73E-BE86-43DD-9F13-16555C01BC06}"
EndProject
Project("{2150E333-8FDC-42A3-9474-1A3956D46DE8}") = "src", "src", "{E0233EBA-418C-47ED-8A5C-0CF678BE47D7}"
EndProject
Project("{2150E333-8FDC-42A3-9474-1A3956D46DE8}") = "tests", "tests", "{A3B08DAE-0AFA-44D7-B002-4B04A4BCDA99}"
EndProject
Project("{2150E333-8FDC-42A3-9474-1A3956D46DE8}") = "info", "info", "{4E68EFBB-369A-4C7B-8846-429BCF6413AC}"
	ProjectSection(SolutionItems) = preProject
		LICENSE = LICENSE
		README.md = README.md
	EndProjectSection
EndProject
Global
	GlobalSection(SolutionConfigurationPlatforms) = preSolution
		Debug|Any CPU = Debug|Any CPU
		Release|Any CPU = Release|Any CPU
	EndGlobalSection
	GlobalSection(ProjectConfigurationPlatforms) = postSolution
		{E2C5BB9A-60A1-4A5E-9E46-939A1BD6FA51}.Debug|Any CPU.ActiveCfg = Debug|Any CPU
		{E2C5BB9A-60A1-4A5E-9E46-939A1BD6FA51}.Debug|Any CPU.Build.0 = Debug|Any CPU
		{E2C5BB9A-60A1-4A5E-9E46-939A1BD6FA51}.Release|Any CPU.ActiveCfg = Release|Any CPU
		{E2C5BB9A-60A1-4A5E-9E46-939A1BD6FA51}.Release|Any CPU.Build.0 = Release|Any CPU
		{9845F73E-BE86-43DD-9F13-16555C01BC06}.Debug|Any CPU.ActiveCfg = Debug|Any CPU
		{9845F73E-BE86-43DD-9F13-16555C01BC06}.Debug|Any CPU.Build.0 = Debug|Any CPU
		{9845F73E-BE86-43DD-9F13-16555C01BC06}.Release|Any CPU.ActiveCfg = Release|Any CPU
		{9845F73E-BE86-43DD-9F13-16555C01BC06}.Release|Any CPU.Build.0 = Release|Any CPU
	EndGlobalSection
	GlobalSection(SolutionProperties) = preSolution
		HideSolutionNode = FALSE
	EndGlobalSection
	GlobalSection(NestedProjects) = preSolution
		{E2C5BB9A-60A1-4A5E-9E46-939A1BD6FA51} = {E0233EBA-418C-47ED-8A5C-0CF678BE47D7}
		{9845F73E-BE86-43DD-9F13-16555C01BC06} = {E0233EBA-418C-47ED-8A5C-0CF678BE47D7}
	EndGlobalSection
	GlobalSection(ExtensibilityGlobals) = postSolution
		SolutionGuid = {CB33AF79-C33D-4500-824B-EE0D43B0C3C6}
	EndGlobalSection
EndGlobal
